// !$*UTF8*$!
{
	archiveVersion = 1;
	classes = {
	};
	objectVersion = 56;
	objects = {

/* Begin PBXBuildFile section */
		120BFA362AB022F0005456EE /* GoogleService-Info.plist in Resources */ = {isa = PBXBuildFile; fileRef = 120BFA352AB022F0005456EE /* GoogleService-Info.plist */; };
		D13CF9192AAFF4B000965F5E /* Extension +.swift in Sources */ = {isa = PBXBuildFile; fileRef = D13CF9182AAFF4B000965F5E /* Extension +.swift */; };
		D13CF91E2AAFF54600965F5E /* ManagingMenu.swift in Sources */ = {isa = PBXBuildFile; fileRef = D13CF91D2AAFF54600965F5E /* ManagingMenu.swift */; };
		D13CF92E2AAFF64800965F5E /* ReviewInfoView.swift in Sources */ = {isa = PBXBuildFile; fileRef = D13CF9202AAFF64400965F5E /* ReviewInfoView.swift */; };
		D13CF92F2AAFF64800965F5E /* AddCartView.swift in Sources */ = {isa = PBXBuildFile; fileRef = D13CF9212AAFF64400965F5E /* AddCartView.swift */; };
		D13CF9302AAFF64800965F5E /* RTRView.swift in Sources */ = {isa = PBXBuildFile; fileRef = D13CF9222AAFF64500965F5E /* RTRView.swift */; };
		D13CF9312AAFF64800965F5E /* RTRDetailInfoView.swift in Sources */ = {isa = PBXBuildFile; fileRef = D13CF9232AAFF64500965F5E /* RTRDetailInfoView.swift */; };
		D13CF9322AAFF64800965F5E /* RTRTitleInfoView.swift in Sources */ = {isa = PBXBuildFile; fileRef = D13CF9242AAFF64500965F5E /* RTRTitleInfoView.swift */; };
		D13CF9332AAFF64800965F5E /* ReviewMinimalView.swift in Sources */ = {isa = PBXBuildFile; fileRef = D13CF9252AAFF64600965F5E /* ReviewMinimalView.swift */; };
		D13CF9342AAFF64800965F5E /* RTRFoodListView.swift in Sources */ = {isa = PBXBuildFile; fileRef = D13CF9262AAFF64600965F5E /* RTRFoodListView.swift */; };
		D13CF9352AAFF64800965F5E /* RTRTitleImageView.swift in Sources */ = {isa = PBXBuildFile; fileRef = D13CF9272AAFF64600965F5E /* RTRTitleImageView.swift */; };
		D13CF9362AAFF64800965F5E /* RTRFoodCellView.swift in Sources */ = {isa = PBXBuildFile; fileRef = D13CF9282AAFF64700965F5E /* RTRFoodCellView.swift */; };
		D13CF9372AAFF64800965F5E /* FullScreenImageView.swift in Sources */ = {isa = PBXBuildFile; fileRef = D13CF9292AAFF64700965F5E /* FullScreenImageView.swift */; };
		D13CF9382AAFF64800965F5E /* RTRFoodCategoryView.swift in Sources */ = {isa = PBXBuildFile; fileRef = D13CF92A2AAFF64700965F5E /* RTRFoodCategoryView.swift */; };
		D13CF9392AAFF64800965F5E /* RTRSubInfoView.swift in Sources */ = {isa = PBXBuildFile; fileRef = D13CF92B2AAFF64700965F5E /* RTRSubInfoView.swift */; };
		D13CF93A2AAFF64800965F5E /* RTRDetailInfoMenuView.swift in Sources */ = {isa = PBXBuildFile; fileRef = D13CF92C2AAFF64800965F5E /* RTRDetailInfoMenuView.swift */; };
		D13CF93B2AAFF64800965F5E /* CustomerPreView.swift in Sources */ = {isa = PBXBuildFile; fileRef = D13CF92D2AAFF64800965F5E /* CustomerPreView.swift */; };
		D13CF93D2AAFF6BB00965F5E /* SellerViewModel.swift in Sources */ = {isa = PBXBuildFile; fileRef = D13CF93C2AAFF6BB00965F5E /* SellerViewModel.swift */; };
		D13CF93F2AAFF6DA00965F5E /* FoodType.swift in Sources */ = {isa = PBXBuildFile; fileRef = D13CF93E2AAFF6DA00965F5E /* FoodType.swift */; };
		D13CF9412AAFF6E700965F5E /* Restaurant.swift in Sources */ = {isa = PBXBuildFile; fileRef = D13CF9402AAFF6E700965F5E /* Restaurant.swift */; };
		D13CF9432AAFF6F000965F5E /* Seller.swift in Sources */ = {isa = PBXBuildFile; fileRef = D13CF9422AAFF6F000965F5E /* Seller.swift */; };
		D13CF9452AAFF6FE00965F5E /* RestaurantInfo.swift in Sources */ = {isa = PBXBuildFile; fileRef = D13CF9442AAFF6FE00965F5E /* RestaurantInfo.swift */; };
		D13CF9472AAFF70700965F5E /* Order.swift in Sources */ = {isa = PBXBuildFile; fileRef = D13CF9462AAFF70700965F5E /* Order.swift */; };
		D13CF9492AAFF71000965F5E /* Review.swift in Sources */ = {isa = PBXBuildFile; fileRef = D13CF9482AAFF71000965F5E /* Review.swift */; };
		D13CF94C2AAFF8A800965F5E /* BusinessHourView.swift in Sources */ = {isa = PBXBuildFile; fileRef = D13CF94B2AAFF8A800965F5E /* BusinessHourView.swift */; };
		D13CF94E2AAFF8BC00965F5E /* SwiftUIView.swift in Sources */ = {isa = PBXBuildFile; fileRef = D13CF94D2AAFF8BC00965F5E /* SwiftUIView.swift */; };
		D13CF9512AAFF8E500965F5E /* ManagingReview.swift in Sources */ = {isa = PBXBuildFile; fileRef = D13CF9502AAFF8E500965F5E /* ManagingReview.swift */; };
		D13CF9532AAFF91900965F5E /* FireBaseManager.swift in Sources */ = {isa = PBXBuildFile; fileRef = D13CF9522AAFF91900965F5E /* FireBaseManager.swift */; };
		D13CF9562AB004CF00965F5E /* FirebaseAuth in Frameworks */ = {isa = PBXBuildFile; productRef = D13CF9552AB004CF00965F5E /* FirebaseAuth */; };
		D13CF9582AB004CF00965F5E /* FirebaseAuthCombine-Community in Frameworks */ = {isa = PBXBuildFile; productRef = D13CF9572AB004CF00965F5E /* FirebaseAuthCombine-Community */; };
		D13CF95A2AB004CF00965F5E /* FirebaseDatabase in Frameworks */ = {isa = PBXBuildFile; productRef = D13CF9592AB004CF00965F5E /* FirebaseDatabase */; };
		D13CF95C2AB004CF00965F5E /* FirebaseFirestore in Frameworks */ = {isa = PBXBuildFile; productRef = D13CF95B2AB004CF00965F5E /* FirebaseFirestore */; };
		D13CF95E2AB004CF00965F5E /* FirebaseFirestoreCombine-Community in Frameworks */ = {isa = PBXBuildFile; productRef = D13CF95D2AB004CF00965F5E /* FirebaseFirestoreCombine-Community */; };
		D13CF9602AB004CF00965F5E /* FirebaseStorage in Frameworks */ = {isa = PBXBuildFile; productRef = D13CF95F2AB004CF00965F5E /* FirebaseStorage */; };
		D13CF9622AB004CF00965F5E /* FirebaseStorageCombine-Community in Frameworks */ = {isa = PBXBuildFile; productRef = D13CF9612AB004CF00965F5E /* FirebaseStorageCombine-Community */; };
		D13CF9642AB025CC00965F5E /* GoogleService-Info.plist in Resources */ = {isa = PBXBuildFile; fileRef = D13CF9632AB025CC00965F5E /* GoogleService-Info.plist */; };
		D16DDBDC2AA862890009C29F /* CEatSellerApp.swift in Sources */ = {isa = PBXBuildFile; fileRef = D16DDBDB2AA862890009C29F /* CEatSellerApp.swift */; };
		D16DDBDE2AA862890009C29F /* ContentView.swift in Sources */ = {isa = PBXBuildFile; fileRef = D16DDBDD2AA862890009C29F /* ContentView.swift */; };
		D16DDBE02AA8628C0009C29F /* Assets.xcassets in Resources */ = {isa = PBXBuildFile; fileRef = D16DDBDF2AA8628C0009C29F /* Assets.xcassets */; };
		D16DDBE32AA8628C0009C29F /* Preview Assets.xcassets in Resources */ = {isa = PBXBuildFile; fileRef = D16DDBE22AA8628C0009C29F /* Preview Assets.xcassets */; };
		D16DDBEA2AA8635F0009C29F /* HomeView.swift in Sources */ = {isa = PBXBuildFile; fileRef = D16DDBE92AA8635F0009C29F /* HomeView.swift */; };
		D16DDBEC2AA8636E0009C29F /* HomeViewDetail.swift in Sources */ = {isa = PBXBuildFile; fileRef = D16DDBEB2AA8636E0009C29F /* HomeViewDetail.swift */; };
		D16DDBEE2AA863900009C29F /* WorkingView.swift in Sources */ = {isa = PBXBuildFile; fileRef = D16DDBED2AA863900009C29F /* WorkingView.swift */; };
		D16DDBF02AA8639D0009C29F /* WorkingViewDetail.swift in Sources */ = {isa = PBXBuildFile; fileRef = D16DDBEF2AA8639D0009C29F /* WorkingViewDetail.swift */; };
		D16DDBF22AA863B10009C29F /* OrderedHistoryView.swift in Sources */ = {isa = PBXBuildFile; fileRef = D16DDBF12AA863B10009C29F /* OrderedHistoryView.swift */; };
/* End PBXBuildFile section */

/* Begin PBXFileReference section */
		120BFA352AB022F0005456EE /* GoogleService-Info.plist */ = {isa = PBXFileReference; fileEncoding = 4; lastKnownFileType = text.plist.xml; name = "GoogleService-Info.plist"; path = "../../../../../Downloads/GoogleService-Info.plist"; sourceTree = "<group>"; };
		D13CF9182AAFF4B000965F5E /* Extension +.swift */ = {isa = PBXFileReference; lastKnownFileType = sourcecode.swift; path = "Extension +.swift"; sourceTree = "<group>"; };
		D13CF91D2AAFF54600965F5E /* ManagingMenu.swift */ = {isa = PBXFileReference; lastKnownFileType = sourcecode.swift; path = ManagingMenu.swift; sourceTree = "<group>"; };
		D13CF9202AAFF64400965F5E /* ReviewInfoView.swift */ = {isa = PBXFileReference; fileEncoding = 4; lastKnownFileType = sourcecode.swift; path = ReviewInfoView.swift; sourceTree = "<group>"; };
		D13CF9212AAFF64400965F5E /* AddCartView.swift */ = {isa = PBXFileReference; fileEncoding = 4; lastKnownFileType = sourcecode.swift; path = AddCartView.swift; sourceTree = "<group>"; };
		D13CF9222AAFF64500965F5E /* RTRView.swift */ = {isa = PBXFileReference; fileEncoding = 4; lastKnownFileType = sourcecode.swift; path = RTRView.swift; sourceTree = "<group>"; };
		D13CF9232AAFF64500965F5E /* RTRDetailInfoView.swift */ = {isa = PBXFileReference; fileEncoding = 4; lastKnownFileType = sourcecode.swift; path = RTRDetailInfoView.swift; sourceTree = "<group>"; };
		D13CF9242AAFF64500965F5E /* RTRTitleInfoView.swift */ = {isa = PBXFileReference; fileEncoding = 4; lastKnownFileType = sourcecode.swift; path = RTRTitleInfoView.swift; sourceTree = "<group>"; };
		D13CF9252AAFF64600965F5E /* ReviewMinimalView.swift */ = {isa = PBXFileReference; fileEncoding = 4; lastKnownFileType = sourcecode.swift; path = ReviewMinimalView.swift; sourceTree = "<group>"; };
		D13CF9262AAFF64600965F5E /* RTRFoodListView.swift */ = {isa = PBXFileReference; fileEncoding = 4; lastKnownFileType = sourcecode.swift; path = RTRFoodListView.swift; sourceTree = "<group>"; };
		D13CF9272AAFF64600965F5E /* RTRTitleImageView.swift */ = {isa = PBXFileReference; fileEncoding = 4; lastKnownFileType = sourcecode.swift; path = RTRTitleImageView.swift; sourceTree = "<group>"; };
		D13CF9282AAFF64700965F5E /* RTRFoodCellView.swift */ = {isa = PBXFileReference; fileEncoding = 4; lastKnownFileType = sourcecode.swift; path = RTRFoodCellView.swift; sourceTree = "<group>"; };
		D13CF9292AAFF64700965F5E /* FullScreenImageView.swift */ = {isa = PBXFileReference; fileEncoding = 4; lastKnownFileType = sourcecode.swift; path = FullScreenImageView.swift; sourceTree = "<group>"; };
		D13CF92A2AAFF64700965F5E /* RTRFoodCategoryView.swift */ = {isa = PBXFileReference; fileEncoding = 4; lastKnownFileType = sourcecode.swift; path = RTRFoodCategoryView.swift; sourceTree = "<group>"; };
		D13CF92B2AAFF64700965F5E /* RTRSubInfoView.swift */ = {isa = PBXFileReference; fileEncoding = 4; lastKnownFileType = sourcecode.swift; path = RTRSubInfoView.swift; sourceTree = "<group>"; };
		D13CF92C2AAFF64800965F5E /* RTRDetailInfoMenuView.swift */ = {isa = PBXFileReference; fileEncoding = 4; lastKnownFileType = sourcecode.swift; path = RTRDetailInfoMenuView.swift; sourceTree = "<group>"; };
		D13CF92D2AAFF64800965F5E /* CustomerPreView.swift */ = {isa = PBXFileReference; fileEncoding = 4; lastKnownFileType = sourcecode.swift; path = CustomerPreView.swift; sourceTree = "<group>"; };
		D13CF93C2AAFF6BB00965F5E /* SellerViewModel.swift */ = {isa = PBXFileReference; lastKnownFileType = sourcecode.swift; path = SellerViewModel.swift; sourceTree = "<group>"; };
		D13CF93E2AAFF6DA00965F5E /* FoodType.swift */ = {isa = PBXFileReference; lastKnownFileType = sourcecode.swift; path = FoodType.swift; sourceTree = "<group>"; };
		D13CF9402AAFF6E700965F5E /* Restaurant.swift */ = {isa = PBXFileReference; lastKnownFileType = sourcecode.swift; path = Restaurant.swift; sourceTree = "<group>"; };
		D13CF9422AAFF6F000965F5E /* Seller.swift */ = {isa = PBXFileReference; lastKnownFileType = sourcecode.swift; path = Seller.swift; sourceTree = "<group>"; };
		D13CF9442AAFF6FE00965F5E /* RestaurantInfo.swift */ = {isa = PBXFileReference; lastKnownFileType = sourcecode.swift; path = RestaurantInfo.swift; sourceTree = "<group>"; };
		D13CF9462AAFF70700965F5E /* Order.swift */ = {isa = PBXFileReference; lastKnownFileType = sourcecode.swift; path = Order.swift; sourceTree = "<group>"; };
		D13CF9482AAFF71000965F5E /* Review.swift */ = {isa = PBXFileReference; lastKnownFileType = sourcecode.swift; path = Review.swift; sourceTree = "<group>"; };
		D13CF94B2AAFF8A800965F5E /* BusinessHourView.swift */ = {isa = PBXFileReference; lastKnownFileType = sourcecode.swift; path = BusinessHourView.swift; sourceTree = "<group>"; };
		D13CF94D2AAFF8BC00965F5E /* SwiftUIView.swift */ = {isa = PBXFileReference; lastKnownFileType = sourcecode.swift; path = SwiftUIView.swift; sourceTree = "<group>"; };
		D13CF9502AAFF8E500965F5E /* ManagingReview.swift */ = {isa = PBXFileReference; lastKnownFileType = sourcecode.swift; path = ManagingReview.swift; sourceTree = "<group>"; };
		D13CF9522AAFF91900965F5E /* FireBaseManager.swift */ = {isa = PBXFileReference; lastKnownFileType = sourcecode.swift; path = FireBaseManager.swift; sourceTree = "<group>"; };
		D13CF9632AB025CC00965F5E /* GoogleService-Info.plist */ = {isa = PBXFileReference; fileEncoding = 4; lastKnownFileType = text.plist.xml; path = "GoogleService-Info.plist"; sourceTree = "<group>"; };
		D16DDBD82AA862890009C29F /* CEatSeller.app */ = {isa = PBXFileReference; explicitFileType = wrapper.application; includeInIndex = 0; path = CEatSeller.app; sourceTree = BUILT_PRODUCTS_DIR; };
		D16DDBDB2AA862890009C29F /* CEatSellerApp.swift */ = {isa = PBXFileReference; lastKnownFileType = sourcecode.swift; path = CEatSellerApp.swift; sourceTree = "<group>"; };
		D16DDBDD2AA862890009C29F /* ContentView.swift */ = {isa = PBXFileReference; lastKnownFileType = sourcecode.swift; path = ContentView.swift; sourceTree = "<group>"; };
		D16DDBDF2AA8628C0009C29F /* Assets.xcassets */ = {isa = PBXFileReference; lastKnownFileType = folder.assetcatalog; path = Assets.xcassets; sourceTree = "<group>"; };
		D16DDBE22AA8628C0009C29F /* Preview Assets.xcassets */ = {isa = PBXFileReference; lastKnownFileType = folder.assetcatalog; path = "Preview Assets.xcassets"; sourceTree = "<group>"; };
		D16DDBE92AA8635F0009C29F /* HomeView.swift */ = {isa = PBXFileReference; lastKnownFileType = sourcecode.swift; path = HomeView.swift; sourceTree = "<group>"; };
		D16DDBEB2AA8636E0009C29F /* HomeViewDetail.swift */ = {isa = PBXFileReference; lastKnownFileType = sourcecode.swift; path = HomeViewDetail.swift; sourceTree = "<group>"; };
		D16DDBED2AA863900009C29F /* WorkingView.swift */ = {isa = PBXFileReference; lastKnownFileType = sourcecode.swift; path = WorkingView.swift; sourceTree = "<group>"; };
		D16DDBEF2AA8639D0009C29F /* WorkingViewDetail.swift */ = {isa = PBXFileReference; lastKnownFileType = sourcecode.swift; path = WorkingViewDetail.swift; sourceTree = "<group>"; };
		D16DDBF12AA863B10009C29F /* OrderedHistoryView.swift */ = {isa = PBXFileReference; lastKnownFileType = sourcecode.swift; path = OrderedHistoryView.swift; sourceTree = "<group>"; };
/* End PBXFileReference section */

/* Begin PBXFrameworksBuildPhase section */
		D16DDBD52AA862890009C29F /* Frameworks */ = {
			isa = PBXFrameworksBuildPhase;
			buildActionMask = 2147483647;
			files = (
				D13CF95A2AB004CF00965F5E /* FirebaseDatabase in Frameworks */,
				D13CF9622AB004CF00965F5E /* FirebaseStorageCombine-Community in Frameworks */,
				D13CF95C2AB004CF00965F5E /* FirebaseFirestore in Frameworks */,
				D13CF9562AB004CF00965F5E /* FirebaseAuth in Frameworks */,
				D13CF95E2AB004CF00965F5E /* FirebaseFirestoreCombine-Community in Frameworks */,
				D13CF9582AB004CF00965F5E /* FirebaseAuthCombine-Community in Frameworks */,
				D13CF9602AB004CF00965F5E /* FirebaseStorage in Frameworks */,
			);
			runOnlyForDeploymentPostprocessing = 0;
		};
/* End PBXFrameworksBuildPhase section */

/* Begin PBXGroup section */
		D13CF91A2AAFF4C000965F5E /* View */ = {
			isa = PBXGroup;
			children = (
				D16DDBF52AA864310009C29F /* Home */,
				D16DDBF72AA8644B0009C29F /* Order */,
				D16DDBF62AA864410009C29F /* Work */,
			);
			path = View;
			sourceTree = "<group>";
		};
		D13CF91B2AAFF4E200965F5E /* Model */ = {
			isa = PBXGroup;
			children = (
				D13CF93E2AAFF6DA00965F5E /* FoodType.swift */,
				D13CF9462AAFF70700965F5E /* Order.swift */,
				D13CF9482AAFF71000965F5E /* Review.swift */,
				D13CF9402AAFF6E700965F5E /* Restaurant.swift */,
				D13CF9422AAFF6F000965F5E /* Seller.swift */,
				D13CF9442AAFF6FE00965F5E /* RestaurantInfo.swift */,
			);
			path = Model;
			sourceTree = "<group>";
		};
		D13CF91C2AAFF52100965F5E /* ManagingMenu */ = {
			isa = PBXGroup;
			children = (
				D13CF91D2AAFF54600965F5E /* ManagingMenu.swift */,
			);
			path = ManagingMenu;
			sourceTree = "<group>";
		};
		D13CF91F2AAFF55400965F5E /* Preview */ = {
			isa = PBXGroup;
			children = (
				D13CF9212AAFF64400965F5E /* AddCartView.swift */,
				D13CF92D2AAFF64800965F5E /* CustomerPreView.swift */,
				D13CF9292AAFF64700965F5E /* FullScreenImageView.swift */,
				D13CF9202AAFF64400965F5E /* ReviewInfoView.swift */,
				D13CF9252AAFF64600965F5E /* ReviewMinimalView.swift */,
				D13CF92C2AAFF64800965F5E /* RTRDetailInfoMenuView.swift */,
				D13CF9232AAFF64500965F5E /* RTRDetailInfoView.swift */,
				D13CF92A2AAFF64700965F5E /* RTRFoodCategoryView.swift */,
				D13CF9282AAFF64700965F5E /* RTRFoodCellView.swift */,
				D13CF9262AAFF64600965F5E /* RTRFoodListView.swift */,
				D13CF92B2AAFF64700965F5E /* RTRSubInfoView.swift */,
				D13CF9272AAFF64600965F5E /* RTRTitleImageView.swift */,
				D13CF9242AAFF64500965F5E /* RTRTitleInfoView.swift */,
				D13CF9222AAFF64500965F5E /* RTRView.swift */,
			);
			path = Preview;
			sourceTree = "<group>";
		};
		D13CF94A2AAFF89200965F5E /* BusinessHour */ = {
			isa = PBXGroup;
			children = (
				D13CF94B2AAFF8A800965F5E /* BusinessHourView.swift */,
				D13CF94D2AAFF8BC00965F5E /* SwiftUIView.swift */,
			);
			path = BusinessHour;
			sourceTree = "<group>";
		};
		D13CF94F2AAFF8D500965F5E /* ManagingReview */ = {
			isa = PBXGroup;
			children = (
				D13CF9502AAFF8E500965F5E /* ManagingReview.swift */,
			);
			path = ManagingReview;
			sourceTree = "<group>";
		};
		D16DDBCF2AA862890009C29F = {
			isa = PBXGroup;
			children = (
				D16DDBDA2AA862890009C29F /* CEatSeller */,
				D16DDBD92AA862890009C29F /* Products */,
			);
			sourceTree = "<group>";
		};
		D16DDBD92AA862890009C29F /* Products */ = {
			isa = PBXGroup;
			children = (
				D16DDBD82AA862890009C29F /* CEatSeller.app */,
			);
			name = Products;
			sourceTree = "<group>";
		};
		D16DDBDA2AA862890009C29F /* CEatSeller */ = {
			isa = PBXGroup;
			children = (
				D13CF9632AB025CC00965F5E /* GoogleService-Info.plist */,
				D16DDBDB2AA862890009C29F /* CEatSellerApp.swift */,
				D16DDBDD2AA862890009C29F /* ContentView.swift */,
				D13CF9522AAFF91900965F5E /* FireBaseManager.swift */,
				D13CF9182AAFF4B000965F5E /* Extension +.swift */,
				D13CF91A2AAFF4C000965F5E /* View */,
				D13CF91B2AAFF4E200965F5E /* Model */,
				D16DDBF82AA864620009C29F /* ViewModel */,
				D16DDBDF2AA8628C0009C29F /* Assets.xcassets */,
				D16DDBE12AA8628C0009C29F /* Preview Content */,
			);
			path = CEatSeller;
			sourceTree = "<group>";
		};
		D16DDBE12AA8628C0009C29F /* Preview Content */ = {
			isa = PBXGroup;
			children = (
				D16DDBE22AA8628C0009C29F /* Preview Assets.xcassets */,
			);
			path = "Preview Content";
			sourceTree = "<group>";
		};
		D16DDBF52AA864310009C29F /* Home */ = {
			isa = PBXGroup;
			children = (
				D16DDBE92AA8635F0009C29F /* HomeView.swift */,
				D16DDBEB2AA8636E0009C29F /* HomeViewDetail.swift */,
				D13CF91C2AAFF52100965F5E /* ManagingMenu */,
				D13CF94F2AAFF8D500965F5E /* ManagingReview */,
				D13CF94A2AAFF89200965F5E /* BusinessHour */,
				D13CF91F2AAFF55400965F5E /* Preview */,
			);
			path = Home;
			sourceTree = "<group>";
		};
		D16DDBF62AA864410009C29F /* Work */ = {
			isa = PBXGroup;
			children = (
				D16DDBED2AA863900009C29F /* WorkingView.swift */,
				D16DDBEF2AA8639D0009C29F /* WorkingViewDetail.swift */,
			);
			path = Work;
			sourceTree = "<group>";
		};
		D16DDBF72AA8644B0009C29F /* Order */ = {
			isa = PBXGroup;
			children = (
				D16DDBF12AA863B10009C29F /* OrderedHistoryView.swift */,
			);
			path = Order;
			sourceTree = "<group>";
		};
		D16DDBF82AA864620009C29F /* ViewModel */ = {
			isa = PBXGroup;
			children = (
				D13CF93C2AAFF6BB00965F5E /* SellerViewModel.swift */,
			);
			path = ViewModel;
			sourceTree = "<group>";
		};
/* End PBXGroup section */

/* Begin PBXNativeTarget section */
		D16DDBD72AA862890009C29F /* CEatSeller */ = {
			isa = PBXNativeTarget;
			buildConfigurationList = D16DDBE62AA8628C0009C29F /* Build configuration list for PBXNativeTarget "CEatSeller" */;
			buildPhases = (
				D16DDBD42AA862890009C29F /* Sources */,
				D16DDBD52AA862890009C29F /* Frameworks */,
				D16DDBD62AA862890009C29F /* Resources */,
			);
			buildRules = (
			);
			dependencies = (
			);
			name = CEatSeller;
			packageProductDependencies = (
				D13CF9552AB004CF00965F5E /* FirebaseAuth */,
				D13CF9572AB004CF00965F5E /* FirebaseAuthCombine-Community */,
				D13CF9592AB004CF00965F5E /* FirebaseDatabase */,
				D13CF95B2AB004CF00965F5E /* FirebaseFirestore */,
				D13CF95D2AB004CF00965F5E /* FirebaseFirestoreCombine-Community */,
				D13CF95F2AB004CF00965F5E /* FirebaseStorage */,
				D13CF9612AB004CF00965F5E /* FirebaseStorageCombine-Community */,
			);
			productName = CEatSeller;
			productReference = D16DDBD82AA862890009C29F /* CEatSeller.app */;
			productType = "com.apple.product-type.application";
		};
/* End PBXNativeTarget section */

/* Begin PBXProject section */
		D16DDBD02AA862890009C29F /* Project object */ = {
			isa = PBXProject;
			attributes = {
				BuildIndependentTargetsInParallel = 1;
				LastSwiftUpdateCheck = 1430;
				LastUpgradeCheck = 1430;
				TargetAttributes = {
					D16DDBD72AA862890009C29F = {
						CreatedOnToolsVersion = 14.3.1;
					};
				};
			};
			buildConfigurationList = D16DDBD32AA862890009C29F /* Build configuration list for PBXProject "CEatSeller" */;
			compatibilityVersion = "Xcode 14.0";
			developmentRegion = en;
			hasScannedForEncodings = 0;
			knownRegions = (
				en,
				Base,
			);
			mainGroup = D16DDBCF2AA862890009C29F;
			packageReferences = (
				D13CF9542AB004CF00965F5E /* XCRemoteSwiftPackageReference "firebase-ios-sdk" */,
			);
			productRefGroup = D16DDBD92AA862890009C29F /* Products */;
			projectDirPath = "";
			projectRoot = "";
			targets = (
				D16DDBD72AA862890009C29F /* CEatSeller */,
			);
		};
/* End PBXProject section */

/* Begin PBXResourcesBuildPhase section */
		D16DDBD62AA862890009C29F /* Resources */ = {
			isa = PBXResourcesBuildPhase;
			buildActionMask = 2147483647;
			files = (
				D16DDBE32AA8628C0009C29F /* Preview Assets.xcassets in Resources */,
				D13CF9642AB025CC00965F5E /* GoogleService-Info.plist in Resources */,
				D16DDBE02AA8628C0009C29F /* Assets.xcassets in Resources */,
				120BFA362AB022F0005456EE /* GoogleService-Info.plist in Resources */,
			);
			runOnlyForDeploymentPostprocessing = 0;
		};
/* End PBXResourcesBuildPhase section */

/* Begin PBXSourcesBuildPhase section */
		D16DDBD42AA862890009C29F /* Sources */ = {
			isa = PBXSourcesBuildPhase;
			buildActionMask = 2147483647;
			files = (
				D13CF9412AAFF6E700965F5E /* Restaurant.swift in Sources */,
				D13CF9362AAFF64800965F5E /* RTRFoodCellView.swift in Sources */,
				D13CF9322AAFF64800965F5E /* RTRTitleInfoView.swift in Sources */,
				D13CF92E2AAFF64800965F5E /* ReviewInfoView.swift in Sources */,
				D13CF9452AAFF6FE00965F5E /* RestaurantInfo.swift in Sources */,
				D13CF9492AAFF71000965F5E /* Review.swift in Sources */,
				D16DDBEA2AA8635F0009C29F /* HomeView.swift in Sources */,
				D13CF9312AAFF64800965F5E /* RTRDetailInfoView.swift in Sources */,
				D13CF9302AAFF64800965F5E /* RTRView.swift in Sources */,
				D13CF9512AAFF8E500965F5E /* ManagingReview.swift in Sources */,
				D13CF92F2AAFF64800965F5E /* AddCartView.swift in Sources */,
				D13CF9332AAFF64800965F5E /* ReviewMinimalView.swift in Sources */,
				D13CF9342AAFF64800965F5E /* RTRFoodListView.swift in Sources */,
				D16DDBF02AA8639D0009C29F /* WorkingViewDetail.swift in Sources */,
				D13CF91E2AAFF54600965F5E /* ManagingMenu.swift in Sources */,
				D16DDBF22AA863B10009C29F /* OrderedHistoryView.swift in Sources */,
				D13CF9192AAFF4B000965F5E /* Extension +.swift in Sources */,
				D13CF9372AAFF64800965F5E /* FullScreenImageView.swift in Sources */,
				D13CF9532AAFF91900965F5E /* FireBaseManager.swift in Sources */,
				D13CF9352AAFF64800965F5E /* RTRTitleImageView.swift in Sources */,
				D13CF94E2AAFF8BC00965F5E /* SwiftUIView.swift in Sources */,
				D13CF93F2AAFF6DA00965F5E /* FoodType.swift in Sources */,
				D16DDBEE2AA863900009C29F /* WorkingView.swift in Sources */,
				D16DDBDE2AA862890009C29F /* ContentView.swift in Sources */,
				D16DDBEC2AA8636E0009C29F /* HomeViewDetail.swift in Sources */,
				D16DDBDC2AA862890009C29F /* CEatSellerApp.swift in Sources */,
				D13CF93D2AAFF6BB00965F5E /* SellerViewModel.swift in Sources */,
				D13CF9382AAFF64800965F5E /* RTRFoodCategoryView.swift in Sources */,
				D13CF93B2AAFF64800965F5E /* CustomerPreView.swift in Sources */,
				D13CF9432AAFF6F000965F5E /* Seller.swift in Sources */,
				D13CF93A2AAFF64800965F5E /* RTRDetailInfoMenuView.swift in Sources */,
				D13CF9392AAFF64800965F5E /* RTRSubInfoView.swift in Sources */,
				D13CF94C2AAFF8A800965F5E /* BusinessHourView.swift in Sources */,
				D13CF9472AAFF70700965F5E /* Order.swift in Sources */,
			);
			runOnlyForDeploymentPostprocessing = 0;
		};
/* End PBXSourcesBuildPhase section */

/* Begin XCBuildConfiguration section */
		D16DDBE42AA8628C0009C29F /* Debug */ = {
			isa = XCBuildConfiguration;
			buildSettings = {
				ALWAYS_SEARCH_USER_PATHS = NO;
				CLANG_ANALYZER_NONNULL = YES;
				CLANG_ANALYZER_NUMBER_OBJECT_CONVERSION = YES_AGGRESSIVE;
				CLANG_CXX_LANGUAGE_STANDARD = "gnu++20";
				CLANG_ENABLE_MODULES = YES;
				CLANG_ENABLE_OBJC_ARC = YES;
				CLANG_ENABLE_OBJC_WEAK = YES;
				CLANG_WARN_BLOCK_CAPTURE_AUTORELEASING = YES;
				CLANG_WARN_BOOL_CONVERSION = YES;
				CLANG_WARN_COMMA = YES;
				CLANG_WARN_CONSTANT_CONVERSION = YES;
				CLANG_WARN_DEPRECATED_OBJC_IMPLEMENTATIONS = YES;
				CLANG_WARN_DIRECT_OBJC_ISA_USAGE = YES_ERROR;
				CLANG_WARN_DOCUMENTATION_COMMENTS = YES;
				CLANG_WARN_EMPTY_BODY = YES;
				CLANG_WARN_ENUM_CONVERSION = YES;
				CLANG_WARN_INFINITE_RECURSION = YES;
				CLANG_WARN_INT_CONVERSION = YES;
				CLANG_WARN_NON_LITERAL_NULL_CONVERSION = YES;
				CLANG_WARN_OBJC_IMPLICIT_RETAIN_SELF = YES;
				CLANG_WARN_OBJC_LITERAL_CONVERSION = YES;
				CLANG_WARN_OBJC_ROOT_CLASS = YES_ERROR;
				CLANG_WARN_QUOTED_INCLUDE_IN_FRAMEWORK_HEADER = YES;
				CLANG_WARN_RANGE_LOOP_ANALYSIS = YES;
				CLANG_WARN_STRICT_PROTOTYPES = YES;
				CLANG_WARN_SUSPICIOUS_MOVE = YES;
				CLANG_WARN_UNGUARDED_AVAILABILITY = YES_AGGRESSIVE;
				CLANG_WARN_UNREACHABLE_CODE = YES;
				CLANG_WARN__DUPLICATE_METHOD_MATCH = YES;
				COPY_PHASE_STRIP = NO;
				DEBUG_INFORMATION_FORMAT = dwarf;
				ENABLE_STRICT_OBJC_MSGSEND = YES;
				ENABLE_TESTABILITY = YES;
				GCC_C_LANGUAGE_STANDARD = gnu11;
				GCC_DYNAMIC_NO_PIC = NO;
				GCC_NO_COMMON_BLOCKS = YES;
				GCC_OPTIMIZATION_LEVEL = 0;
				GCC_PREPROCESSOR_DEFINITIONS = (
					"DEBUG=1",
					"$(inherited)",
				);
				GCC_WARN_64_TO_32_BIT_CONVERSION = YES;
				GCC_WARN_ABOUT_RETURN_TYPE = YES_ERROR;
				GCC_WARN_UNDECLARED_SELECTOR = YES;
				GCC_WARN_UNINITIALIZED_AUTOS = YES_AGGRESSIVE;
				GCC_WARN_UNUSED_FUNCTION = YES;
				GCC_WARN_UNUSED_VARIABLE = YES;
				IPHONEOS_DEPLOYMENT_TARGET = 16.4;
				MTL_ENABLE_DEBUG_INFO = INCLUDE_SOURCE;
				MTL_FAST_MATH = YES;
				ONLY_ACTIVE_ARCH = YES;
				SDKROOT = iphoneos;
				SWIFT_ACTIVE_COMPILATION_CONDITIONS = DEBUG;
				SWIFT_OPTIMIZATION_LEVEL = "-Onone";
			};
			name = Debug;
		};
		D16DDBE52AA8628C0009C29F /* Release */ = {
			isa = XCBuildConfiguration;
			buildSettings = {
				ALWAYS_SEARCH_USER_PATHS = NO;
				CLANG_ANALYZER_NONNULL = YES;
				CLANG_ANALYZER_NUMBER_OBJECT_CONVERSION = YES_AGGRESSIVE;
				CLANG_CXX_LANGUAGE_STANDARD = "gnu++20";
				CLANG_ENABLE_MODULES = YES;
				CLANG_ENABLE_OBJC_ARC = YES;
				CLANG_ENABLE_OBJC_WEAK = YES;
				CLANG_WARN_BLOCK_CAPTURE_AUTORELEASING = YES;
				CLANG_WARN_BOOL_CONVERSION = YES;
				CLANG_WARN_COMMA = YES;
				CLANG_WARN_CONSTANT_CONVERSION = YES;
				CLANG_WARN_DEPRECATED_OBJC_IMPLEMENTATIONS = YES;
				CLANG_WARN_DIRECT_OBJC_ISA_USAGE = YES_ERROR;
				CLANG_WARN_DOCUMENTATION_COMMENTS = YES;
				CLANG_WARN_EMPTY_BODY = YES;
				CLANG_WARN_ENUM_CONVERSION = YES;
				CLANG_WARN_INFINITE_RECURSION = YES;
				CLANG_WARN_INT_CONVERSION = YES;
				CLANG_WARN_NON_LITERAL_NULL_CONVERSION = YES;
				CLANG_WARN_OBJC_IMPLICIT_RETAIN_SELF = YES;
				CLANG_WARN_OBJC_LITERAL_CONVERSION = YES;
				CLANG_WARN_OBJC_ROOT_CLASS = YES_ERROR;
				CLANG_WARN_QUOTED_INCLUDE_IN_FRAMEWORK_HEADER = YES;
				CLANG_WARN_RANGE_LOOP_ANALYSIS = YES;
				CLANG_WARN_STRICT_PROTOTYPES = YES;
				CLANG_WARN_SUSPICIOUS_MOVE = YES;
				CLANG_WARN_UNGUARDED_AVAILABILITY = YES_AGGRESSIVE;
				CLANG_WARN_UNREACHABLE_CODE = YES;
				CLANG_WARN__DUPLICATE_METHOD_MATCH = YES;
				COPY_PHASE_STRIP = NO;
				DEBUG_INFORMATION_FORMAT = "dwarf-with-dsym";
				ENABLE_NS_ASSERTIONS = NO;
				ENABLE_STRICT_OBJC_MSGSEND = YES;
				GCC_C_LANGUAGE_STANDARD = gnu11;
				GCC_NO_COMMON_BLOCKS = YES;
				GCC_WARN_64_TO_32_BIT_CONVERSION = YES;
				GCC_WARN_ABOUT_RETURN_TYPE = YES_ERROR;
				GCC_WARN_UNDECLARED_SELECTOR = YES;
				GCC_WARN_UNINITIALIZED_AUTOS = YES_AGGRESSIVE;
				GCC_WARN_UNUSED_FUNCTION = YES;
				GCC_WARN_UNUSED_VARIABLE = YES;
				IPHONEOS_DEPLOYMENT_TARGET = 16.4;
				MTL_ENABLE_DEBUG_INFO = NO;
				MTL_FAST_MATH = YES;
				SDKROOT = iphoneos;
				SWIFT_COMPILATION_MODE = wholemodule;
				SWIFT_OPTIMIZATION_LEVEL = "-O";
				VALIDATE_PRODUCT = YES;
			};
			name = Release;
		};
		D16DDBE72AA8628C0009C29F /* Debug */ = {
			isa = XCBuildConfiguration;
			buildSettings = {
				ASSETCATALOG_COMPILER_APPICON_NAME = AppIcon;
				ASSETCATALOG_COMPILER_GLOBAL_ACCENT_COLOR_NAME = AccentColor;
				CODE_SIGN_STYLE = Automatic;
				CURRENT_PROJECT_VERSION = 1;
				DEVELOPMENT_ASSET_PATHS = "\"CEatSeller/Preview Content\"";
				DEVELOPMENT_TEAM = ASU4PNB5MG;
				ENABLE_PREVIEWS = YES;
				GENERATE_INFOPLIST_FILE = YES;
				INFOPLIST_KEY_UIApplicationSceneManifest_Generation = YES;
				INFOPLIST_KEY_UIApplicationSupportsIndirectInputEvents = YES;
				INFOPLIST_KEY_UILaunchScreen_Generation = YES;
				INFOPLIST_KEY_UISupportedInterfaceOrientations_iPad = "UIInterfaceOrientationPortrait UIInterfaceOrientationPortraitUpsideDown UIInterfaceOrientationLandscapeLeft UIInterfaceOrientationLandscapeRight";
				INFOPLIST_KEY_UISupportedInterfaceOrientations_iPhone = "UIInterfaceOrientationPortrait UIInterfaceOrientationLandscapeLeft UIInterfaceOrientationLandscapeRight";
				LD_RUNPATH_SEARCH_PATHS = (
					"$(inherited)",
					"@executable_path/Frameworks",
				);
				MARKETING_VERSION = 1.0;
				PRODUCT_BUNDLE_IDENTIFIER = com.time5607.CEatSeller;
				PRODUCT_NAME = "$(TARGET_NAME)";
				SWIFT_EMIT_LOC_STRINGS = YES;
				SWIFT_VERSION = 5.0;
				TARGETED_DEVICE_FAMILY = "1,2";
			};
			name = Debug;
		};
		D16DDBE82AA8628C0009C29F /* Release */ = {
			isa = XCBuildConfiguration;
			buildSettings = {
				ASSETCATALOG_COMPILER_APPICON_NAME = AppIcon;
				ASSETCATALOG_COMPILER_GLOBAL_ACCENT_COLOR_NAME = AccentColor;
				CODE_SIGN_STYLE = Automatic;
				CURRENT_PROJECT_VERSION = 1;
				DEVELOPMENT_ASSET_PATHS = "\"CEatSeller/Preview Content\"";
				DEVELOPMENT_TEAM = ASU4PNB5MG;
				ENABLE_PREVIEWS = YES;
				GENERATE_INFOPLIST_FILE = YES;
				INFOPLIST_KEY_UIApplicationSceneManifest_Generation = YES;
				INFOPLIST_KEY_UIApplicationSupportsIndirectInputEvents = YES;
				INFOPLIST_KEY_UILaunchScreen_Generation = YES;
				INFOPLIST_KEY_UISupportedInterfaceOrientations_iPad = "UIInterfaceOrientationPortrait UIInterfaceOrientationPortraitUpsideDown UIInterfaceOrientationLandscapeLeft UIInterfaceOrientationLandscapeRight";
				INFOPLIST_KEY_UISupportedInterfaceOrientations_iPhone = "UIInterfaceOrientationPortrait UIInterfaceOrientationLandscapeLeft UIInterfaceOrientationLandscapeRight";
				LD_RUNPATH_SEARCH_PATHS = (
					"$(inherited)",
					"@executable_path/Frameworks",
				);
				MARKETING_VERSION = 1.0;
				PRODUCT_BUNDLE_IDENTIFIER = com.time5607.CEatSeller;
				PRODUCT_NAME = "$(TARGET_NAME)";
				SWIFT_EMIT_LOC_STRINGS = YES;
				SWIFT_VERSION = 5.0;
				TARGETED_DEVICE_FAMILY = "1,2";
			};
			name = Release;
		};
/* End XCBuildConfiguration section */

/* Begin XCConfigurationList section */
		D16DDBD32AA862890009C29F /* Build configuration list for PBXProject "CEatSeller" */ = {
			isa = XCConfigurationList;
			buildConfigurations = (
				D16DDBE42AA8628C0009C29F /* Debug */,
				D16DDBE52AA8628C0009C29F /* Release */,
			);
			defaultConfigurationIsVisible = 0;
			defaultConfigurationName = Release;
		};
		D16DDBE62AA8628C0009C29F /* Build configuration list for PBXNativeTarget "CEatSeller" */ = {
			isa = XCConfigurationList;
			buildConfigurations = (
				D16DDBE72AA8628C0009C29F /* Debug */,
				D16DDBE82AA8628C0009C29F /* Release */,
			);
			defaultConfigurationIsVisible = 0;
			defaultConfigurationName = Release;
		};
/* End XCConfigurationList section */

/* Begin XCRemoteSwiftPackageReference section */
		D13CF9542AB004CF00965F5E /* XCRemoteSwiftPackageReference "firebase-ios-sdk" */ = {
			isa = XCRemoteSwiftPackageReference;
			repositoryURL = "https://github.com/firebase/firebase-ios-sdk";
			requirement = {
				kind = upToNextMajorVersion;
				minimumVersion = 10.0.0;
			};
		};
/* End XCRemoteSwiftPackageReference section */

/* Begin XCSwiftPackageProductDependency section */
		D13CF9552AB004CF00965F5E /* FirebaseAuth */ = {
			isa = XCSwiftPackageProductDependency;
			package = D13CF9542AB004CF00965F5E /* XCRemoteSwiftPackageReference "firebase-ios-sdk" */;
			productName = FirebaseAuth;
		};
		D13CF9572AB004CF00965F5E /* FirebaseAuthCombine-Community */ = {
			isa = XCSwiftPackageProductDependency;
			package = D13CF9542AB004CF00965F5E /* XCRemoteSwiftPackageReference "firebase-ios-sdk" */;
			productName = "FirebaseAuthCombine-Community";
		};
		D13CF9592AB004CF00965F5E /* FirebaseDatabase */ = {
			isa = XCSwiftPackageProductDependency;
			package = D13CF9542AB004CF00965F5E /* XCRemoteSwiftPackageReference "firebase-ios-sdk" */;
			productName = FirebaseDatabase;
		};
		D13CF95B2AB004CF00965F5E /* FirebaseFirestore */ = {
			isa = XCSwiftPackageProductDependency;
			package = D13CF9542AB004CF00965F5E /* XCRemoteSwiftPackageReference "firebase-ios-sdk" */;
			productName = FirebaseFirestore;
		};
		D13CF95D2AB004CF00965F5E /* FirebaseFirestoreCombine-Community */ = {
			isa = XCSwiftPackageProductDependency;
			package = D13CF9542AB004CF00965F5E /* XCRemoteSwiftPackageReference "firebase-ios-sdk" */;
			productName = "FirebaseFirestoreCombine-Community";
		};
		D13CF95F2AB004CF00965F5E /* FirebaseStorage */ = {
			isa = XCSwiftPackageProductDependency;
			package = D13CF9542AB004CF00965F5E /* XCRemoteSwiftPackageReference "firebase-ios-sdk" */;
			productName = FirebaseStorage;
		};
		D13CF9612AB004CF00965F5E /* FirebaseStorageCombine-Community */ = {
			isa = XCSwiftPackageProductDependency;
			package = D13CF9542AB004CF00965F5E /* XCRemoteSwiftPackageReference "firebase-ios-sdk" */;
			productName = "FirebaseStorageCombine-Community";
		};
/* End XCSwiftPackageProductDependency section */
	};
	rootObject = D16DDBD02AA862890009C29F /* Project object */;
}
