// !$*UTF8*$!
{
	archiveVersion = 1;
	classes = {
	};
	objectVersion = 56;
	objects = {

/* Begin PBXBuildFile section */
		121FA75B2AB148F100216D22 /* FirebaseDatabase in Frameworks */ = {isa = PBXBuildFile; productRef = 121FA75A2AB148F100216D22 /* FirebaseDatabase */; };
		121FA75D2AB148F100216D22 /* FirebaseDatabaseSwift in Frameworks */ = {isa = PBXBuildFile; productRef = 121FA75C2AB148F100216D22 /* FirebaseDatabaseSwift */; };
		121FA75F2AB148F100216D22 /* FirebaseFirestore in Frameworks */ = {isa = PBXBuildFile; productRef = 121FA75E2AB148F100216D22 /* FirebaseFirestore */; };
		121FA7612AB148F100216D22 /* FirebaseFirestoreSwift in Frameworks */ = {isa = PBXBuildFile; productRef = 121FA7602AB148F100216D22 /* FirebaseFirestoreSwift */; };
		C983DE6F2AB0BE17006C8AF1 /* UserViewModel.swift in Sources */ = {isa = PBXBuildFile; fileRef = C983DE6E2AB0BE17006C8AF1 /* UserViewModel.swift */; };
		C983DE712AB0BE2A006C8AF1 /* RestaurantViewModel.swift in Sources */ = {isa = PBXBuildFile; fileRef = C983DE702AB0BE2A006C8AF1 /* RestaurantViewModel.swift */; };
		C9F7A73F2AB0BBF900E3F1DC /* Extension.swift in Sources */ = {isa = PBXBuildFile; fileRef = C9F7A73E2AB0BBF900E3F1DC /* Extension.swift */; };
		D13CF9722AB032C900965F5E /* CEatsManagerApp.swift in Sources */ = {isa = PBXBuildFile; fileRef = D13CF9712AB032C900965F5E /* CEatsManagerApp.swift */; };
		D13CF9742AB032C900965F5E /* ContentView.swift in Sources */ = {isa = PBXBuildFile; fileRef = D13CF9732AB032C900965F5E /* ContentView.swift */; };
		D13CF9762AB032CB00965F5E /* Assets.xcassets in Resources */ = {isa = PBXBuildFile; fileRef = D13CF9752AB032CB00965F5E /* Assets.xcassets */; };
		D13CF9792AB032CB00965F5E /* Preview Assets.xcassets in Resources */ = {isa = PBXBuildFile; fileRef = D13CF9782AB032CB00965F5E /* Preview Assets.xcassets */; };
		D13CF9802AB0332100965F5E /* ReviewHome.swift in Sources */ = {isa = PBXBuildFile; fileRef = D13CF97F2AB0332100965F5E /* ReviewHome.swift */; };
		D13CF9822AB0332D00965F5E /* ReviewDetail.swift in Sources */ = {isa = PBXBuildFile; fileRef = D13CF9812AB0332D00965F5E /* ReviewDetail.swift */; };
		D13CF9842AB0334300965F5E /* ReviewInfo.swift in Sources */ = {isa = PBXBuildFile; fileRef = D13CF9832AB0334300965F5E /* ReviewInfo.swift */; };
		D13CF98D2AB0449D00965F5E /* FoodType.swift in Sources */ = {isa = PBXBuildFile; fileRef = D13CF98C2AB0449D00965F5E /* FoodType.swift */; };
		D13CF98F2AB044B700965F5E /* Order.swift in Sources */ = {isa = PBXBuildFile; fileRef = D13CF98E2AB044B700965F5E /* Order.swift */; };
		D13CF9912AB044E200965F5E /* Review.swift in Sources */ = {isa = PBXBuildFile; fileRef = D13CF9902AB044E200965F5E /* Review.swift */; };
		D13CF9932AB0451B00965F5E /* Restaurant.swift in Sources */ = {isa = PBXBuildFile; fileRef = D13CF9922AB0451B00965F5E /* Restaurant.swift */; };
		D13CF9952AB0452600965F5E /* Seller.swift in Sources */ = {isa = PBXBuildFile; fileRef = D13CF9942AB0452600965F5E /* Seller.swift */; };
		D13CF9972AB0453B00965F5E /* RestaurantInfo.swift in Sources */ = {isa = PBXBuildFile; fileRef = D13CF9962AB0453B00965F5E /* RestaurantInfo.swift */; };
		D13CF9992AB0455300965F5E /* User.swift in Sources */ = {isa = PBXBuildFile; fileRef = D13CF9982AB0455300965F5E /* User.swift */; };
		D13CF99B2AB0455B00965F5E /* Coupon.swift in Sources */ = {isa = PBXBuildFile; fileRef = D13CF99A2AB0455B00965F5E /* Coupon.swift */; };
		D13CF99E2AB045AD00965F5E /* FireBaseManager.swift in Sources */ = {isa = PBXBuildFile; fileRef = D13CF99D2AB045AD00965F5E /* FireBaseManager.swift */; };
		D18807F32AB1891A006DBD2E /* GoogleService-Info.plist in Resources */ = {isa = PBXBuildFile; fileRef = D18807F22AB1891A006DBD2E /* GoogleService-Info.plist */; };
/* End PBXBuildFile section */

/* Begin PBXFileReference section */
		C983DE6E2AB0BE17006C8AF1 /* UserViewModel.swift */ = {isa = PBXFileReference; lastKnownFileType = sourcecode.swift; path = UserViewModel.swift; sourceTree = "<group>"; };
		C983DE702AB0BE2A006C8AF1 /* RestaurantViewModel.swift */ = {isa = PBXFileReference; lastKnownFileType = sourcecode.swift; path = RestaurantViewModel.swift; sourceTree = "<group>"; };
		C9F7A73E2AB0BBF900E3F1DC /* Extension.swift */ = {isa = PBXFileReference; lastKnownFileType = sourcecode.swift; path = Extension.swift; sourceTree = "<group>"; };
		D13CF96E2AB032C900965F5E /* CEatsManager.app */ = {isa = PBXFileReference; explicitFileType = wrapper.application; includeInIndex = 0; path = CEatsManager.app; sourceTree = BUILT_PRODUCTS_DIR; };
		D13CF9712AB032C900965F5E /* CEatsManagerApp.swift */ = {isa = PBXFileReference; lastKnownFileType = sourcecode.swift; path = CEatsManagerApp.swift; sourceTree = "<group>"; };
		D13CF9732AB032C900965F5E /* ContentView.swift */ = {isa = PBXFileReference; lastKnownFileType = sourcecode.swift; path = ContentView.swift; sourceTree = "<group>"; };
		D13CF9752AB032CB00965F5E /* Assets.xcassets */ = {isa = PBXFileReference; lastKnownFileType = folder.assetcatalog; path = Assets.xcassets; sourceTree = "<group>"; };
		D13CF9782AB032CB00965F5E /* Preview Assets.xcassets */ = {isa = PBXFileReference; lastKnownFileType = folder.assetcatalog; path = "Preview Assets.xcassets"; sourceTree = "<group>"; };
		D13CF97F2AB0332100965F5E /* ReviewHome.swift */ = {isa = PBXFileReference; lastKnownFileType = sourcecode.swift; path = ReviewHome.swift; sourceTree = "<group>"; };
		D13CF9812AB0332D00965F5E /* ReviewDetail.swift */ = {isa = PBXFileReference; lastKnownFileType = sourcecode.swift; path = ReviewDetail.swift; sourceTree = "<group>"; };
		D13CF9832AB0334300965F5E /* ReviewInfo.swift */ = {isa = PBXFileReference; lastKnownFileType = sourcecode.swift; path = ReviewInfo.swift; sourceTree = "<group>"; };
		D13CF98C2AB0449D00965F5E /* FoodType.swift */ = {isa = PBXFileReference; lastKnownFileType = sourcecode.swift; path = FoodType.swift; sourceTree = "<group>"; };
		D13CF98E2AB044B700965F5E /* Order.swift */ = {isa = PBXFileReference; lastKnownFileType = sourcecode.swift; path = Order.swift; sourceTree = "<group>"; };
		D13CF9902AB044E200965F5E /* Review.swift */ = {isa = PBXFileReference; lastKnownFileType = sourcecode.swift; path = Review.swift; sourceTree = "<group>"; };
		D13CF9922AB0451B00965F5E /* Restaurant.swift */ = {isa = PBXFileReference; lastKnownFileType = sourcecode.swift; path = Restaurant.swift; sourceTree = "<group>"; };
		D13CF9942AB0452600965F5E /* Seller.swift */ = {isa = PBXFileReference; lastKnownFileType = sourcecode.swift; path = Seller.swift; sourceTree = "<group>"; };
		D13CF9962AB0453B00965F5E /* RestaurantInfo.swift */ = {isa = PBXFileReference; lastKnownFileType = sourcecode.swift; path = RestaurantInfo.swift; sourceTree = "<group>"; };
		D13CF9982AB0455300965F5E /* User.swift */ = {isa = PBXFileReference; lastKnownFileType = sourcecode.swift; path = User.swift; sourceTree = "<group>"; };
		D13CF99A2AB0455B00965F5E /* Coupon.swift */ = {isa = PBXFileReference; lastKnownFileType = sourcecode.swift; path = Coupon.swift; sourceTree = "<group>"; };
		D13CF99D2AB045AD00965F5E /* FireBaseManager.swift */ = {isa = PBXFileReference; lastKnownFileType = sourcecode.swift; path = FireBaseManager.swift; sourceTree = "<group>"; };
		D18807F22AB1891A006DBD2E /* GoogleService-Info.plist */ = {isa = PBXFileReference; fileEncoding = 4; lastKnownFileType = text.plist.xml; path = "GoogleService-Info.plist"; sourceTree = "<group>"; };
/* End PBXFileReference section */

/* Begin PBXFrameworksBuildPhase section */
		D13CF96B2AB032C900965F5E /* Frameworks */ = {
			isa = PBXFrameworksBuildPhase;
			buildActionMask = 2147483647;
			files = (
				121FA75D2AB148F100216D22 /* FirebaseDatabaseSwift in Frameworks */,
				121FA75B2AB148F100216D22 /* FirebaseDatabase in Frameworks */,
				121FA75F2AB148F100216D22 /* FirebaseFirestore in Frameworks */,
				121FA7612AB148F100216D22 /* FirebaseFirestoreSwift in Frameworks */,
			);
			runOnlyForDeploymentPostprocessing = 0;
		};
/* End PBXFrameworksBuildPhase section */

/* Begin PBXGroup section */
		C9F7A7402AB0BD8900E3F1DC /* ViewModel */ = {
			isa = PBXGroup;
			children = (
				C983DE6E2AB0BE17006C8AF1 /* UserViewModel.swift */,
				C983DE702AB0BE2A006C8AF1 /* RestaurantViewModel.swift */,
			);
			path = ViewModel;
			sourceTree = "<group>";
		};
		D13CF9652AB032C900965F5E = {
			isa = PBXGroup;
			children = (
				D13CF9702AB032C900965F5E /* CEatsManager */,
				D13CF96F2AB032C900965F5E /* Products */,
			);
			sourceTree = "<group>";
		};
		D13CF96F2AB032C900965F5E /* Products */ = {
			isa = PBXGroup;
			children = (
				D13CF96E2AB032C900965F5E /* CEatsManager.app */,
			);
			name = Products;
			sourceTree = "<group>";
		};
		D13CF9702AB032C900965F5E /* CEatsManager */ = {
			isa = PBXGroup;
			children = (
				D18807F22AB1891A006DBD2E /* GoogleService-Info.plist */,
				D13CF9712AB032C900965F5E /* CEatsManagerApp.swift */,
				D13CF9732AB032C900965F5E /* ContentView.swift */,
				C9F7A7402AB0BD8900E3F1DC /* ViewModel */,
				D13CF99C2AB0458300965F5E /* FireBase */,
				D13CF98B2AB0448200965F5E /* Models */,
				D13CF9852AB0334900965F5E /* Review */,
				D13CF9752AB032CB00965F5E /* Assets.xcassets */,
				D13CF9772AB032CB00965F5E /* Preview Content */,
				C9F7A73E2AB0BBF900E3F1DC /* Extension.swift */,
			);
			path = CEatsManager;
			sourceTree = "<group>";
		};
		D13CF9772AB032CB00965F5E /* Preview Content */ = {
			isa = PBXGroup;
			children = (
				D13CF9782AB032CB00965F5E /* Preview Assets.xcassets */,
			);
			path = "Preview Content";
			sourceTree = "<group>";
		};
		D13CF9852AB0334900965F5E /* Review */ = {
			isa = PBXGroup;
			children = (
				D13CF97F2AB0332100965F5E /* ReviewHome.swift */,
				D13CF9812AB0332D00965F5E /* ReviewDetail.swift */,
				D13CF9832AB0334300965F5E /* ReviewInfo.swift */,
			);
			path = Review;
			sourceTree = "<group>";
		};
		D13CF98B2AB0448200965F5E /* Models */ = {
			isa = PBXGroup;
			children = (
				D13CF98C2AB0449D00965F5E /* FoodType.swift */,
				D13CF98E2AB044B700965F5E /* Order.swift */,
				D13CF9902AB044E200965F5E /* Review.swift */,
				D13CF9922AB0451B00965F5E /* Restaurant.swift */,
				D13CF9942AB0452600965F5E /* Seller.swift */,
				D13CF9962AB0453B00965F5E /* RestaurantInfo.swift */,
				D13CF9982AB0455300965F5E /* User.swift */,
				D13CF99A2AB0455B00965F5E /* Coupon.swift */,
			);
			path = Models;
			sourceTree = "<group>";
		};
		D13CF99C2AB0458300965F5E /* FireBase */ = {
			isa = PBXGroup;
			children = (
				D13CF99D2AB045AD00965F5E /* FireBaseManager.swift */,
			);
			path = FireBase;
			sourceTree = "<group>";
		};
/* End PBXGroup section */

/* Begin PBXNativeTarget section */
		D13CF96D2AB032C900965F5E /* CEatsManager */ = {
			isa = PBXNativeTarget;
			buildConfigurationList = D13CF97C2AB032CB00965F5E /* Build configuration list for PBXNativeTarget "CEatsManager" */;
			buildPhases = (
				D13CF96A2AB032C900965F5E /* Sources */,
				D13CF96B2AB032C900965F5E /* Frameworks */,
				D13CF96C2AB032C900965F5E /* Resources */,
			);
			buildRules = (
			);
			dependencies = (
			);
			name = CEatsManager;
			packageProductDependencies = (
				121FA75A2AB148F100216D22 /* FirebaseDatabase */,
				121FA75C2AB148F100216D22 /* FirebaseDatabaseSwift */,
				121FA75E2AB148F100216D22 /* FirebaseFirestore */,
				121FA7602AB148F100216D22 /* FirebaseFirestoreSwift */,
			);
			productName = CEatsManager;
			productReference = D13CF96E2AB032C900965F5E /* CEatsManager.app */;
			productType = "com.apple.product-type.application";
		};
/* End PBXNativeTarget section */

/* Begin PBXProject section */
		D13CF9662AB032C900965F5E /* Project object */ = {
			isa = PBXProject;
			attributes = {
				BuildIndependentTargetsInParallel = 1;
				LastSwiftUpdateCheck = 1430;
				LastUpgradeCheck = 1430;
				TargetAttributes = {
					D13CF96D2AB032C900965F5E = {
						CreatedOnToolsVersion = 14.3.1;
					};
				};
			};
			buildConfigurationList = D13CF9692AB032C900965F5E /* Build configuration list for PBXProject "CEatsManager" */;
			compatibilityVersion = "Xcode 14.0";
			developmentRegion = en;
			hasScannedForEncodings = 0;
			knownRegions = (
				en,
				Base,
			);
			mainGroup = D13CF9652AB032C900965F5E;
			packageReferences = (
				121FA7592AB148F100216D22 /* XCRemoteSwiftPackageReference "firebase-ios-sdk" */,
			);
			productRefGroup = D13CF96F2AB032C900965F5E /* Products */;
			projectDirPath = "";
			projectRoot = "";
			targets = (
				D13CF96D2AB032C900965F5E /* CEatsManager */,
			);
		};
/* End PBXProject section */

/* Begin PBXResourcesBuildPhase section */
		D13CF96C2AB032C900965F5E /* Resources */ = {
			isa = PBXResourcesBuildPhase;
			buildActionMask = 2147483647;
			files = (
				D13CF9792AB032CB00965F5E /* Preview Assets.xcassets in Resources */,
				D18807F32AB1891A006DBD2E /* GoogleService-Info.plist in Resources */,
				D13CF9762AB032CB00965F5E /* Assets.xcassets in Resources */,
			);
			runOnlyForDeploymentPostprocessing = 0;
		};
/* End PBXResourcesBuildPhase section */

/* Begin PBXSourcesBuildPhase section */
		D13CF96A2AB032C900965F5E /* Sources */ = {
			isa = PBXSourcesBuildPhase;
			buildActionMask = 2147483647;
			files = (
				D13CF99E2AB045AD00965F5E /* FireBaseManager.swift in Sources */,
				D13CF9742AB032C900965F5E /* ContentView.swift in Sources */,
				D13CF9912AB044E200965F5E /* Review.swift in Sources */,
				D13CF99B2AB0455B00965F5E /* Coupon.swift in Sources */,
				D13CF98D2AB0449D00965F5E /* FoodType.swift in Sources */,
				D13CF9972AB0453B00965F5E /* RestaurantInfo.swift in Sources */,
				D13CF9722AB032C900965F5E /* CEatsManagerApp.swift in Sources */,
				D13CF9842AB0334300965F5E /* ReviewInfo.swift in Sources */,
				D13CF9822AB0332D00965F5E /* ReviewDetail.swift in Sources */,
				C983DE6F2AB0BE17006C8AF1 /* UserViewModel.swift in Sources */,
				D13CF9952AB0452600965F5E /* Seller.swift in Sources */,
				D13CF9992AB0455300965F5E /* User.swift in Sources */,
				D13CF9802AB0332100965F5E /* ReviewHome.swift in Sources */,
				C9F7A73F2AB0BBF900E3F1DC /* Extension.swift in Sources */,
				D13CF98F2AB044B700965F5E /* Order.swift in Sources */,
				D13CF9932AB0451B00965F5E /* Restaurant.swift in Sources */,
				C983DE712AB0BE2A006C8AF1 /* RestaurantViewModel.swift in Sources */,
			);
			runOnlyForDeploymentPostprocessing = 0;
		};
/* End PBXSourcesBuildPhase section */

/* Begin XCBuildConfiguration section */
		D13CF97A2AB032CB00965F5E /* Debug */ = {
			isa = XCBuildConfiguration;
			buildSettings = {
				ALWAYS_SEARCH_USER_PATHS = NO;
				CLANG_ANALYZER_NONNULL = YES;
				CLANG_ANALYZER_NUMBER_OBJECT_CONVERSION = YES_AGGRESSIVE;
				CLANG_CXX_LANGUAGE_STANDARD = "gnu++20";
				CLANG_ENABLE_MODULES = YES;
				CLANG_ENABLE_OBJC_ARC = YES;
				CLANG_ENABLE_OBJC_WEAK = YES;
				CLANG_WARN_BLOCK_CAPTURE_AUTORELEASING = YES;
				CLANG_WARN_BOOL_CONVERSION = YES;
				CLANG_WARN_COMMA = YES;
				CLANG_WARN_CONSTANT_CONVERSION = YES;
				CLANG_WARN_DEPRECATED_OBJC_IMPLEMENTATIONS = YES;
				CLANG_WARN_DIRECT_OBJC_ISA_USAGE = YES_ERROR;
				CLANG_WARN_DOCUMENTATION_COMMENTS = YES;
				CLANG_WARN_EMPTY_BODY = YES;
				CLANG_WARN_ENUM_CONVERSION = YES;
				CLANG_WARN_INFINITE_RECURSION = YES;
				CLANG_WARN_INT_CONVERSION = YES;
				CLANG_WARN_NON_LITERAL_NULL_CONVERSION = YES;
				CLANG_WARN_OBJC_IMPLICIT_RETAIN_SELF = YES;
				CLANG_WARN_OBJC_LITERAL_CONVERSION = YES;
				CLANG_WARN_OBJC_ROOT_CLASS = YES_ERROR;
				CLANG_WARN_QUOTED_INCLUDE_IN_FRAMEWORK_HEADER = YES;
				CLANG_WARN_RANGE_LOOP_ANALYSIS = YES;
				CLANG_WARN_STRICT_PROTOTYPES = YES;
				CLANG_WARN_SUSPICIOUS_MOVE = YES;
				CLANG_WARN_UNGUARDED_AVAILABILITY = YES_AGGRESSIVE;
				CLANG_WARN_UNREACHABLE_CODE = YES;
				CLANG_WARN__DUPLICATE_METHOD_MATCH = YES;
				COPY_PHASE_STRIP = NO;
				DEBUG_INFORMATION_FORMAT = dwarf;
				ENABLE_STRICT_OBJC_MSGSEND = YES;
				ENABLE_TESTABILITY = YES;
				GCC_C_LANGUAGE_STANDARD = gnu11;
				GCC_DYNAMIC_NO_PIC = NO;
				GCC_NO_COMMON_BLOCKS = YES;
				GCC_OPTIMIZATION_LEVEL = 0;
				GCC_PREPROCESSOR_DEFINITIONS = (
					"DEBUG=1",
					"$(inherited)",
				);
				GCC_WARN_64_TO_32_BIT_CONVERSION = YES;
				GCC_WARN_ABOUT_RETURN_TYPE = YES_ERROR;
				GCC_WARN_UNDECLARED_SELECTOR = YES;
				GCC_WARN_UNINITIALIZED_AUTOS = YES_AGGRESSIVE;
				GCC_WARN_UNUSED_FUNCTION = YES;
				GCC_WARN_UNUSED_VARIABLE = YES;
				IPHONEOS_DEPLOYMENT_TARGET = 16.4;
				MTL_ENABLE_DEBUG_INFO = INCLUDE_SOURCE;
				MTL_FAST_MATH = YES;
				ONLY_ACTIVE_ARCH = YES;
				SDKROOT = iphoneos;
				SWIFT_ACTIVE_COMPILATION_CONDITIONS = DEBUG;
				SWIFT_OPTIMIZATION_LEVEL = "-Onone";
			};
			name = Debug;
		};
		D13CF97B2AB032CB00965F5E /* Release */ = {
			isa = XCBuildConfiguration;
			buildSettings = {
				ALWAYS_SEARCH_USER_PATHS = NO;
				CLANG_ANALYZER_NONNULL = YES;
				CLANG_ANALYZER_NUMBER_OBJECT_CONVERSION = YES_AGGRESSIVE;
				CLANG_CXX_LANGUAGE_STANDARD = "gnu++20";
				CLANG_ENABLE_MODULES = YES;
				CLANG_ENABLE_OBJC_ARC = YES;
				CLANG_ENABLE_OBJC_WEAK = YES;
				CLANG_WARN_BLOCK_CAPTURE_AUTORELEASING = YES;
				CLANG_WARN_BOOL_CONVERSION = YES;
				CLANG_WARN_COMMA = YES;
				CLANG_WARN_CONSTANT_CONVERSION = YES;
				CLANG_WARN_DEPRECATED_OBJC_IMPLEMENTATIONS = YES;
				CLANG_WARN_DIRECT_OBJC_ISA_USAGE = YES_ERROR;
				CLANG_WARN_DOCUMENTATION_COMMENTS = YES;
				CLANG_WARN_EMPTY_BODY = YES;
				CLANG_WARN_ENUM_CONVERSION = YES;
				CLANG_WARN_INFINITE_RECURSION = YES;
				CLANG_WARN_INT_CONVERSION = YES;
				CLANG_WARN_NON_LITERAL_NULL_CONVERSION = YES;
				CLANG_WARN_OBJC_IMPLICIT_RETAIN_SELF = YES;
				CLANG_WARN_OBJC_LITERAL_CONVERSION = YES;
				CLANG_WARN_OBJC_ROOT_CLASS = YES_ERROR;
				CLANG_WARN_QUOTED_INCLUDE_IN_FRAMEWORK_HEADER = YES;
				CLANG_WARN_RANGE_LOOP_ANALYSIS = YES;
				CLANG_WARN_STRICT_PROTOTYPES = YES;
				CLANG_WARN_SUSPICIOUS_MOVE = YES;
				CLANG_WARN_UNGUARDED_AVAILABILITY = YES_AGGRESSIVE;
				CLANG_WARN_UNREACHABLE_CODE = YES;
				CLANG_WARN__DUPLICATE_METHOD_MATCH = YES;
				COPY_PHASE_STRIP = NO;
				DEBUG_INFORMATION_FORMAT = "dwarf-with-dsym";
				ENABLE_NS_ASSERTIONS = NO;
				ENABLE_STRICT_OBJC_MSGSEND = YES;
				GCC_C_LANGUAGE_STANDARD = gnu11;
				GCC_NO_COMMON_BLOCKS = YES;
				GCC_WARN_64_TO_32_BIT_CONVERSION = YES;
				GCC_WARN_ABOUT_RETURN_TYPE = YES_ERROR;
				GCC_WARN_UNDECLARED_SELECTOR = YES;
				GCC_WARN_UNINITIALIZED_AUTOS = YES_AGGRESSIVE;
				GCC_WARN_UNUSED_FUNCTION = YES;
				GCC_WARN_UNUSED_VARIABLE = YES;
				IPHONEOS_DEPLOYMENT_TARGET = 16.4;
				MTL_ENABLE_DEBUG_INFO = NO;
				MTL_FAST_MATH = YES;
				SDKROOT = iphoneos;
				SWIFT_COMPILATION_MODE = wholemodule;
				SWIFT_OPTIMIZATION_LEVEL = "-O";
				VALIDATE_PRODUCT = YES;
			};
			name = Release;
		};
		D13CF97D2AB032CB00965F5E /* Debug */ = {
			isa = XCBuildConfiguration;
			buildSettings = {
				ASSETCATALOG_COMPILER_APPICON_NAME = AppIcon;
				ASSETCATALOG_COMPILER_GLOBAL_ACCENT_COLOR_NAME = AccentColor;
				CODE_SIGN_STYLE = Automatic;
				CURRENT_PROJECT_VERSION = 1;
				DEVELOPMENT_ASSET_PATHS = "\"CEatsManager/Preview Content\"";
				DEVELOPMENT_TEAM = 6R3M7VGRP2;
				ENABLE_PREVIEWS = YES;
				GENERATE_INFOPLIST_FILE = YES;
				INFOPLIST_KEY_UIApplicationSceneManifest_Generation = YES;
				INFOPLIST_KEY_UIApplicationSupportsIndirectInputEvents = YES;
				INFOPLIST_KEY_UILaunchScreen_Generation = YES;
				INFOPLIST_KEY_UISupportedInterfaceOrientations = "UIInterfaceOrientationLandscapeLeft UIInterfaceOrientationLandscapeRight UIInterfaceOrientationPortrait";
				INFOPLIST_KEY_UISupportedInterfaceOrientations_iPad = "UIInterfaceOrientationLandscapeLeft UIInterfaceOrientationLandscapeRight UIInterfaceOrientationPortrait UIInterfaceOrientationPortraitUpsideDown";
				LD_RUNPATH_SEARCH_PATHS = (
					"$(inherited)",
					"@executable_path/Frameworks",
				);
				MARKETING_VERSION = 1.0;
				PRODUCT_BUNDLE_IDENTIFIER = com.time5607.CEatsManager;
				PRODUCT_NAME = "$(TARGET_NAME)";
				SUPPORTED_PLATFORMS = "iphoneos iphonesimulator";
				SUPPORTS_MACCATALYST = NO;
				SUPPORTS_MAC_DESIGNED_FOR_IPHONE_IPAD = NO;
				SWIFT_EMIT_LOC_STRINGS = YES;
				SWIFT_VERSION = 5.0;
				TARGETED_DEVICE_FAMILY = "1,2";
			};
			name = Debug;
		};
		D13CF97E2AB032CB00965F5E /* Release */ = {
			isa = XCBuildConfiguration;
			buildSettings = {
				ASSETCATALOG_COMPILER_APPICON_NAME = AppIcon;
				ASSETCATALOG_COMPILER_GLOBAL_ACCENT_COLOR_NAME = AccentColor;
				CODE_SIGN_STYLE = Automatic;
				CURRENT_PROJECT_VERSION = 1;
				DEVELOPMENT_ASSET_PATHS = "\"CEatsManager/Preview Content\"";
				DEVELOPMENT_TEAM = 6R3M7VGRP2;
				ENABLE_PREVIEWS = YES;
				GENERATE_INFOPLIST_FILE = YES;
				INFOPLIST_KEY_UIApplicationSceneManifest_Generation = YES;
				INFOPLIST_KEY_UIApplicationSupportsIndirectInputEvents = YES;
				INFOPLIST_KEY_UILaunchScreen_Generation = YES;
				INFOPLIST_KEY_UISupportedInterfaceOrientations = "UIInterfaceOrientationLandscapeLeft UIInterfaceOrientationLandscapeRight UIInterfaceOrientationPortrait";
				INFOPLIST_KEY_UISupportedInterfaceOrientations_iPad = "UIInterfaceOrientationLandscapeLeft UIInterfaceOrientationLandscapeRight UIInterfaceOrientationPortrait UIInterfaceOrientationPortraitUpsideDown";
				LD_RUNPATH_SEARCH_PATHS = (
					"$(inherited)",
					"@executable_path/Frameworks",
				);
				MARKETING_VERSION = 1.0;
				PRODUCT_BUNDLE_IDENTIFIER = com.time5607.CEatsManager;
				PRODUCT_NAME = "$(TARGET_NAME)";
				SUPPORTED_PLATFORMS = "iphoneos iphonesimulator";
				SUPPORTS_MACCATALYST = NO;
				SUPPORTS_MAC_DESIGNED_FOR_IPHONE_IPAD = NO;
				SWIFT_EMIT_LOC_STRINGS = YES;
				SWIFT_VERSION = 5.0;
				TARGETED_DEVICE_FAMILY = "1,2";
			};
			name = Release;
		};
/* End XCBuildConfiguration section */

/* Begin XCConfigurationList section */
		D13CF9692AB032C900965F5E /* Build configuration list for PBXProject "CEatsManager" */ = {
			isa = XCConfigurationList;
			buildConfigurations = (
				D13CF97A2AB032CB00965F5E /* Debug */,
				D13CF97B2AB032CB00965F5E /* Release */,
			);
			defaultConfigurationIsVisible = 0;
			defaultConfigurationName = Release;
		};
		D13CF97C2AB032CB00965F5E /* Build configuration list for PBXNativeTarget "CEatsManager" */ = {
			isa = XCConfigurationList;
			buildConfigurations = (
				D13CF97D2AB032CB00965F5E /* Debug */,
				D13CF97E2AB032CB00965F5E /* Release */,
			);
			defaultConfigurationIsVisible = 0;
			defaultConfigurationName = Release;
		};
/* End XCConfigurationList section */

/* Begin XCRemoteSwiftPackageReference section */
		121FA7592AB148F100216D22 /* XCRemoteSwiftPackageReference "firebase-ios-sdk" */ = {
			isa = XCRemoteSwiftPackageReference;
			repositoryURL = "https://github.com/firebase/firebase-ios-sdk";
			requirement = {
				kind = upToNextMajorVersion;
				minimumVersion = 10.0.0;
			};
		};
/* End XCRemoteSwiftPackageReference section */

/* Begin XCSwiftPackageProductDependency section */
		121FA75A2AB148F100216D22 /* FirebaseDatabase */ = {
			isa = XCSwiftPackageProductDependency;
			package = 121FA7592AB148F100216D22 /* XCRemoteSwiftPackageReference "firebase-ios-sdk" */;
			productName = FirebaseDatabase;
		};
		121FA75C2AB148F100216D22 /* FirebaseDatabaseSwift */ = {
			isa = XCSwiftPackageProductDependency;
			package = 121FA7592AB148F100216D22 /* XCRemoteSwiftPackageReference "firebase-ios-sdk" */;
			productName = FirebaseDatabaseSwift;
		};
		121FA75E2AB148F100216D22 /* FirebaseFirestore */ = {
			isa = XCSwiftPackageProductDependency;
			package = 121FA7592AB148F100216D22 /* XCRemoteSwiftPackageReference "firebase-ios-sdk" */;
			productName = FirebaseFirestore;
		};
		121FA7602AB148F100216D22 /* FirebaseFirestoreSwift */ = {
			isa = XCSwiftPackageProductDependency;
			package = 121FA7592AB148F100216D22 /* XCRemoteSwiftPackageReference "firebase-ios-sdk" */;
			productName = FirebaseFirestoreSwift;
		};
/* End XCSwiftPackageProductDependency section */
	};
	rootObject = D13CF9662AB032C900965F5E /* Project object */;
}
