{
  "pins" : [
    {
      "identity" : "scalingheaderscrollview",
      "kind" : "remoteSourceControl",
      "location" : "https://github.com/exyte/ScalingHeaderScrollView.git",
      "state" : {
        "revision" : "6afd9b32821b42c9dacb351c8ad8ca49f723ef1d",
        "version" : "1.0.1"
      }
    },
    {
      "identity" : "swiftui-introspect",
      "kind" : "remoteSourceControl",
      "location" : "https://github.com/siteline/SwiftUI-Introspect.git",
      "state" : {
        "revision" : "121c146fe591b1320238d054ae35c81ffa45f45a",
        "version" : "0.12.0"
      }
    }
  ],
  "version" : 2
}
